
Microsoft Visual Studio Solution File, Format Version 12.00
# Visual Studio Version 17
VisualStudioVersion = 17.2.32630.192
MinimumVisualStudioVersion = 10.0.40219.1
Project("{FAE04EC0-301F-11D3-BF4B-00C04F79EFBC}") = "Tutorial Next", "Tutorial Next.csproj", "{0532E5DB-EF75-4249-AAF7-C57F20EC3EEC}"
EndProject
Global
	GlobalSection(SolutionConfigurationPlatforms) = preSolution
		Debug|Any CPU = Debug|Any CPU
		Release|Any CPU = Release|Any CPU
	EndGlobalSection
	GlobalSection(ProjectConfigurationPlatforms) = postSolution
		{0532E5DB-EF75-4249-AAF7-C57F20EC3EEC}.Debug|Any CPU.ActiveCfg = Debug|Any CPU
		{0532E5DB-EF75-4249-AAF7-C57F20EC3EEC}.Debug|Any CPU.Build.0 = Debug|Any CPU
		{0532E5DB-EF75-4249-AAF7-C57F20EC3EEC}.Release|Any CPU.ActiveCfg = Release|Any CPU
		{0532E5DB-EF75-4249-AAF7-C57F20EC3EEC}.Release|Any CPU.Build.0 = Release|Any CPU
	EndGlobalSection
	GlobalSection(SolutionProperties) = preSolution
		HideSolutionNode = FALSE
	EndGlobalSection
	GlobalSection(ExtensibilityGlobals) = postSolution
		SolutionGuid = {A1F24D8D-A12F-40AA-B611-B2A1ECC50E02}
	EndGlobalSection
EndGlobal
